
Microsoft Visual Studio Solution File, Format Version 12.00
# Visual Studio Version 17
VisualStudioVersion = 17.13.35919.96 d17.13
MinimumVisualStudioVersion = 10.0.40219.1
Project("{FAE04EC0-301F-11D3-BF4B-00C04F79EFBC}") = "Pilot.PL", "Pilot.PL\Pilot.PL.csproj", "{036FF830-93C9-40DA-8676-215E4812CC99}"
EndProject
Project("{FAE04EC0-301F-11D3-BF4B-00C04F79EFBC}") = "Pilot.BLL", "Pilot.BLL\Pilot.BLL.csproj", "{6ECF290D-8177-4F00-A05B-DCD75CB18A72}"
EndProject
Project("{FAE04EC0-301F-11D3-BF4B-00C04F79EFBC}") = "Pilot.DAL", "Pilot.DAL\Pilot.DAL.csproj", "{BC70FED6-AC46-4F11-BF0D-943F09F43020}"
EndProject
Global
	GlobalSection(SolutionConfigurationPlatforms) = preSolution
		Debug|Any CPU = Debug|Any CPU
		Release|Any CPU = Release|Any CPU
	EndGlobalSection
	GlobalSection(ProjectConfigurationPlatforms) = postSolution
		{036FF830-93C9-40DA-8676-215E4812CC99}.Debug|Any CPU.ActiveCfg = Debug|Any CPU
		{036FF830-93C9-40DA-8676-215E4812CC99}.Debug|Any CPU.Build.0 = Debug|Any CPU
		{036FF830-93C9-40DA-8676-215E4812CC99}.Release|Any CPU.ActiveCfg = Release|Any CPU
		{036FF830-93C9-40DA-8676-215E4812CC99}.Release|Any CPU.Build.0 = Release|Any CPU
		{6ECF290D-8177-4F00-A05B-DCD75CB18A72}.Debug|Any CPU.ActiveCfg = Debug|Any CPU
		{6ECF290D-8177-4F00-A05B-DCD75CB18A72}.Debug|Any CPU.Build.0 = Debug|Any CPU
		{6ECF290D-8177-4F00-A05B-DCD75CB18A72}.Release|Any CPU.ActiveCfg = Release|Any CPU
		{6ECF290D-8177-4F00-A05B-DCD75CB18A72}.Release|Any CPU.Build.0 = Release|Any CPU
		{BC70FED6-AC46-4F11-BF0D-943F09F43020}.Debug|Any CPU.ActiveCfg = Debug|Any CPU
		{BC70FED6-AC46-4F11-BF0D-943F09F43020}.Debug|Any CPU.Build.0 = Debug|Any CPU
		{BC70FED6-AC46-4F11-BF0D-943F09F43020}.Release|Any CPU.ActiveCfg = Release|Any CPU
		{BC70FED6-AC46-4F11-BF0D-943F09F43020}.Release|Any CPU.Build.0 = Release|Any CPU
	EndGlobalSection
	GlobalSection(SolutionProperties) = preSolution
		HideSolutionNode = FALSE
	EndGlobalSection
	GlobalSection(ExtensibilityGlobals) = postSolution
		SolutionGuid = {2DE01C34-60FB-4E12-89D8-914C9E4EC007}
	EndGlobalSection
EndGlobal
